
Microsoft Visual Studio Solution File, Format Version 12.00
# Visual Studio Version 17
VisualStudioVersion = 17.11.35327.3
MinimumVisualStudioVersion = 10.0.40219.1
Project("{FAE04EC0-301F-11D3-BF4B-00C04F79EFBC}") = "API_RNB", "API_RNB.csproj", "{80D28B7B-7980-4F0D-84B9-827DB1FACC3E}"
EndProject
Global
	GlobalSection(SolutionConfigurationPlatforms) = preSolution
		Debug|Any CPU = Debug|Any CPU
		Release|Any CPU = Release|Any CPU
	EndGlobalSection
	GlobalSection(ProjectConfigurationPlatforms) = postSolution
		{80D28B7B-7980-4F0D-84B9-827DB1FACC3E}.Debug|Any CPU.ActiveCfg = Debug|Any CPU
		{80D28B7B-7980-4F0D-84B9-827DB1FACC3E}.Debug|Any CPU.Build.0 = Debug|Any CPU
		{80D28B7B-7980-4F0D-84B9-827DB1FACC3E}.Release|Any CPU.ActiveCfg = Release|Any CPU
		{80D28B7B-7980-4F0D-84B9-827DB1FACC3E}.Release|Any CPU.Build.0 = Release|Any CPU
	EndGlobalSection
	GlobalSection(SolutionProperties) = preSolution
		HideSolutionNode = FALSE
	EndGlobalSection
	GlobalSection(ExtensibilityGlobals) = postSolution
		SolutionGuid = {B379CB18-EB55-4078-905F-17D9935BD70B}
	EndGlobalSection
EndGlobal
